
Microsoft Visual Studio Solution File, Format Version 12.00
# Visual Studio 2013
VisualStudioVersion = 12.0.31101.0
MinimumVisualStudioVersion = 10.0.40219.1
Project("{FAE04EC0-301F-11D3-BF4B-00C04F79EFBC}") = "FileSorter", "FileSorter\FileSorter.csproj", "{032CDD24-3C50-4B74-8028-7D8D73449BF7}"
EndProject
Project("{FAE04EC0-301F-11D3-BF4B-00C04F79EFBC}") = "FileSorterLibrary", "SearchClasses\FileSorterLibrary.csproj", "{9C306DF2-20AB-47A2-9092-FD0EFEDF7691}"
EndProject
Global
	GlobalSection(SolutionConfigurationPlatforms) = preSolution
		Debug|Any CPU = Debug|Any CPU
		Release|Any CPU = Release|Any CPU
	EndGlobalSection
	GlobalSection(ProjectConfigurationPlatforms) = postSolution
		{032CDD24-3C50-4B74-8028-7D8D73449BF7}.Debug|Any CPU.ActiveCfg = Debug|Any CPU
		{032CDD24-3C50-4B74-8028-7D8D73449BF7}.Debug|Any CPU.Build.0 = Debug|Any CPU
		{032CDD24-3C50-4B74-8028-7D8D73449BF7}.Release|Any CPU.ActiveCfg = Release|Any CPU
		{032CDD24-3C50-4B74-8028-7D8D73449BF7}.Release|Any CPU.Build.0 = Release|Any CPU
		{9C306DF2-20AB-47A2-9092-FD0EFEDF7691}.Debug|Any CPU.ActiveCfg = Debug|Any CPU
		{9C306DF2-20AB-47A2-9092-FD0EFEDF7691}.Debug|Any CPU.Build.0 = Debug|Any CPU
		{9C306DF2-20AB-47A2-9092-FD0EFEDF7691}.Release|Any CPU.ActiveCfg = Release|Any CPU
		{9C306DF2-20AB-47A2-9092-FD0EFEDF7691}.Release|Any CPU.Build.0 = Release|Any CPU
	EndGlobalSection
	GlobalSection(SolutionProperties) = preSolution
		HideSolutionNode = FALSE
	EndGlobalSection
EndGlobal
